
Microsoft Visual Studio Solution File, Format Version 12.00
# Visual Studio Version 16
VisualStudioVersion = 16.0.30611.23
MinimumVisualStudioVersion = 10.0.40219.1
Project("{FAE04EC0-301F-11D3-BF4B-00C04F79EFBC}") = "ImplementingLinkedList", "ImplementingLinkedList\ImplementingLinkedList.csproj", "{A5E32E51-9C28-4C43-A630-BCA13BCE372B}"
EndProject
Global
	GlobalSection(SolutionConfigurationPlatforms) = preSolution
		Debug|Any CPU = Debug|Any CPU
		Release|Any CPU = Release|Any CPU
	EndGlobalSection
	GlobalSection(ProjectConfigurationPlatforms) = postSolution
		{A5E32E51-9C28-4C43-A630-BCA13BCE372B}.Debug|Any CPU.ActiveCfg = Debug|Any CPU
		{A5E32E51-9C28-4C43-A630-BCA13BCE372B}.Debug|Any CPU.Build.0 = Debug|Any CPU
		{A5E32E51-9C28-4C43-A630-BCA13BCE372B}.Release|Any CPU.ActiveCfg = Release|Any CPU
		{A5E32E51-9C28-4C43-A630-BCA13BCE372B}.Release|Any CPU.Build.0 = Release|Any CPU
	EndGlobalSection
	GlobalSection(SolutionProperties) = preSolution
		HideSolutionNode = FALSE
	EndGlobalSection
	GlobalSection(ExtensibilityGlobals) = postSolution
		SolutionGuid = {D2296B8D-4F04-420D-B4D8-9D999A6CFCA0}
	EndGlobalSection
EndGlobal
